// !$*UTF8*$!
{
	archiveVersion = 1;
	classes = {
	};
	objectVersion = 48;
	objects = {

/* Begin PBXBuildFile section */
		456B82FD208AE8FC001A3F69 /* FileUtilies.m in Sources */ = {isa = PBXBuildFile; fileRef = 456B82FC208AE8FC001A3F69 /* FileUtilies.m */; };
		A8095B4020A1580E00BB547B /* ECProjectBuildPhases.m in Sources */ = {isa = PBXBuildFile; fileRef = A8095B3F20A1580E00BB547B /* ECProjectBuildPhases.m */; };
		A8095B4720A199AD00BB547B /* ECProjectTarget.m in Sources */ = {isa = PBXBuildFile; fileRef = A8095B4620A199AD00BB547B /* ECProjectTarget.m */; };
		A83463252080D506002E4A26 /* AppDelegate.m in Sources */ = {isa = PBXBuildFile; fileRef = A83463242080D506002E4A26 /* AppDelegate.m */; };
		A83463282080D506002E4A26 /* ViewController.m in Sources */ = {isa = PBXBuildFile; fileRef = A83463272080D506002E4A26 /* ViewController.m */; };
		A834632A2080D506002E4A26 /* Assets.xcassets in Resources */ = {isa = PBXBuildFile; fileRef = A83463292080D506002E4A26 /* Assets.xcassets */; };
		A834632D2080D506002E4A26 /* Main.storyboard in Resources */ = {isa = PBXBuildFile; fileRef = A834632B2080D506002E4A26 /* Main.storyboard */; };
		A83463302080D506002E4A26 /* main.m in Sources */ = {isa = PBXBuildFile; fileRef = A834632F2080D506002E4A26 /* main.m */; };
		A834633B2080D506002E4A26 /* TACIntergrationToolTests.m in Sources */ = {isa = PBXBuildFile; fileRef = A834633A2080D506002E4A26 /* TACIntergrationToolTests.m */; };
		A83463462080D506002E4A26 /* TACIntergrationToolUITests.m in Sources */ = {isa = PBXBuildFile; fileRef = A83463452080D506002E4A26 /* TACIntergrationToolUITests.m */; };
		A83463552080D9DF002E4A26 /* FileUtils.m in Sources */ = {isa = PBXBuildFile; fileRef = A83463542080D9DF002E4A26 /* FileUtils.m */; };
		A8352E2320A0610D008EEF49 /* ECProjectFileReference.m in Sources */ = {isa = PBXBuildFile; fileRef = A8352E2220A0610D008EEF49 /* ECProjectFileReference.m */; };
		A8425AFC20A0832800AC16E8 /* ECProjectGroup.m in Sources */ = {isa = PBXBuildFile; fileRef = A8425AFB20A0832800AC16E8 /* ECProjectGroup.m */; };
		A844326D20ABDA7700719B1B /* TencentCloudConfigDownloader.m in Sources */ = {isa = PBXBuildFile; fileRef = A844326C20ABDA7700719B1B /* TencentCloudConfigDownloader.m */; };
		A8481736208A14890039AA5B /* project.pbxproj in Resources */ = {isa = PBXBuildFile; fileRef = A8481735208A14890039AA5B /* project.pbxproj */; };
		A848173A208A1E900039AA5B /* ECPbProjHelper.m in Sources */ = {isa = PBXBuildFile; fileRef = A8481739208A1E900039AA5B /* ECPbProjHelper.m */; };
		A848173D208A1EA20039AA5B /* ECBuildPhases.m in Sources */ = {isa = PBXBuildFile; fileRef = A848173C208A1EA20039AA5B /* ECBuildPhases.m */; };
		A88914DB209B39D5006A457D /* ZipArchive.framework in Frameworks */ = {isa = PBXBuildFile; fileRef = A88914DA209B39D5006A457D /* ZipArchive.framework */; };
		A88914DC209B3A3B006A457D /* ZipArchive.framework in Frameworks */ = {isa = PBXBuildFile; fileRef = A88914DA209B39D5006A457D /* ZipArchive.framework */; };
		A88914DD209B3A3B006A457D /* ZipArchive.framework in Embed Frameworks */ = {isa = PBXBuildFile; fileRef = A88914DA209B39D5006A457D /* ZipArchive.framework */; settings = {ATTRIBUTES = (CodeSignOnCopy, RemoveHeadersOnCopy, ); }; };
		A88914E1209B3A99006A457D /* ArchiveHelper.m in Sources */ = {isa = PBXBuildFile; fileRef = A88914E0209B3A99006A457D /* ArchiveHelper.m */; };
		A89FF40F208F206200CDF17E /* YYModel.framework in Frameworks */ = {isa = PBXBuildFile; fileRef = A89FF40E208F206200CDF17E /* YYModel.framework */; };
		A89FF413208F209200CDF17E /* ECProjectBuildConfiguration.m in Sources */ = {isa = PBXBuildFile; fileRef = A89FF412208F209200CDF17E /* ECProjectBuildConfiguration.m */; };
		A89FF416208F5DB300CDF17E /* CocoaUtil.m in Sources */ = {isa = PBXBuildFile; fileRef = A89FF415208F5DB300CDF17E /* CocoaUtil.m */; };
		A89FF419208F5F5400CDF17E /* NSArray+Pbxproj.m in Sources */ = {isa = PBXBuildFile; fileRef = A89FF418208F5F5400CDF17E /* NSArray+Pbxproj.m */; };
		A8FCF6B82099B749000E6A95 /* WebViewController.m in Sources */ = {isa = PBXBuildFile; fileRef = A8FCF6B62099B749000E6A95 /* WebViewController.m */; };
		A8FCF6B92099B749000E6A95 /* WebViewController.xib in Resources */ = {isa = PBXBuildFile; fileRef = A8FCF6B72099B749000E6A95 /* WebViewController.xib */; };
		A8FCF6BD209AB9F9000E6A95 /* MCGTKGenerator.cpp in Sources */ = {isa = PBXBuildFile; fileRef = A8FCF6BB209AB9F9000E6A95 /* MCGTKGenerator.cpp */; };
/* End PBXBuildFile section */

/* Begin PBXContainerItemProxy section */
		A83463372080D506002E4A26 /* PBXContainerItemProxy */ = {
			isa = PBXContainerItemProxy;
			containerPortal = A83463182080D506002E4A26 /* Project object */;
			proxyType = 1;
			remoteGlobalIDString = A834631F2080D506002E4A26;
			remoteInfo = TACIntergrationTool;
		};
		A83463422080D506002E4A26 /* PBXContainerItemProxy */ = {
			isa = PBXContainerItemProxy;
			containerPortal = A83463182080D506002E4A26 /* Project object */;
			proxyType = 1;
			remoteGlobalIDString = A834631F2080D506002E4A26;
			remoteInfo = TACIntergrationTool;
		};
/* End PBXContainerItemProxy section */

/* Begin PBXCopyFilesBuildPhase section */
		A88914DE209B3A3B006A457D /* Embed Frameworks */ = {
			isa = PBXCopyFilesBuildPhase;
			buildActionMask = 2147483647;
			dstPath = "";
			dstSubfolderSpec = 10;
			files = (
				A88914DD209B3A3B006A457D /* ZipArchive.framework in Embed Frameworks */,
			);
			name = "Embed Frameworks";
			runOnlyForDeploymentPostprocessing = 0;
		};
/* End PBXCopyFilesBuildPhase section */

/* Begin PBXFileReference section */
		456B82FB208AE8FC001A3F69 /* FileUtilies.h */ = {isa = PBXFileReference; lastKnownFileType = sourcecode.c.h; path = FileUtilies.h; sourceTree = "<group>"; };
		456B82FC208AE8FC001A3F69 /* FileUtilies.m */ = {isa = PBXFileReference; lastKnownFileType = sourcecode.c.objc; path = FileUtilies.m; sourceTree = "<group>"; };
		A8095B3E20A1580E00BB547B /* ECProjectBuildPhases.h */ = {isa = PBXFileReference; lastKnownFileType = sourcecode.c.h; path = ECProjectBuildPhases.h; sourceTree = "<group>"; };
		A8095B3F20A1580E00BB547B /* ECProjectBuildPhases.m */ = {isa = PBXFileReference; lastKnownFileType = sourcecode.c.objc; path = ECProjectBuildPhases.m; sourceTree = "<group>"; };
		A8095B4520A199AD00BB547B /* ECProjectTarget.h */ = {isa = PBXFileReference; lastKnownFileType = sourcecode.c.h; path = ECProjectTarget.h; sourceTree = "<group>"; };
		A8095B4620A199AD00BB547B /* ECProjectTarget.m */ = {isa = PBXFileReference; lastKnownFileType = sourcecode.c.objc; path = ECProjectTarget.m; sourceTree = "<group>"; };
		A83463202080D506002E4A26 /* TACIntergrationTool.app */ = {isa = PBXFileReference; explicitFileType = wrapper.application; includeInIndex = 0; path = TACIntergrationTool.app; sourceTree = BUILT_PRODUCTS_DIR; };
		A83463232080D506002E4A26 /* AppDelegate.h */ = {isa = PBXFileReference; lastKnownFileType = sourcecode.c.h; path = AppDelegate.h; sourceTree = "<group>"; };
		A83463242080D506002E4A26 /* AppDelegate.m */ = {isa = PBXFileReference; lastKnownFileType = sourcecode.c.objc; path = AppDelegate.m; sourceTree = "<group>"; };
		A83463262080D506002E4A26 /* ViewController.h */ = {isa = PBXFileReference; lastKnownFileType = sourcecode.c.h; path = ViewController.h; sourceTree = "<group>"; };
		A83463272080D506002E4A26 /* ViewController.m */ = {isa = PBXFileReference; lastKnownFileType = sourcecode.c.objc; path = ViewController.m; sourceTree = "<group>"; };
		A83463292080D506002E4A26 /* Assets.xcassets */ = {isa = PBXFileReference; lastKnownFileType = folder.assetcatalog; path = Assets.xcassets; sourceTree = "<group>"; };
		A834632C2080D506002E4A26 /* Base */ = {isa = PBXFileReference; lastKnownFileType = file.storyboard; name = Base; path = Base.lproj/Main.storyboard; sourceTree = "<group>"; };
		A834632E2080D506002E4A26 /* Info.plist */ = {isa = PBXFileReference; lastKnownFileType = text.plist.xml; path = Info.plist; sourceTree = "<group>"; };
		A834632F2080D506002E4A26 /* main.m */ = {isa = PBXFileReference; lastKnownFileType = sourcecode.c.objc; path = main.m; sourceTree = "<group>"; };
		A83463312080D506002E4A26 /* TACIntergrationTool.entitlements */ = {isa = PBXFileReference; lastKnownFileType = text.plist.entitlements; path = TACIntergrationTool.entitlements; sourceTree = "<group>"; };
		A83463362080D506002E4A26 /* TACIntergrationToolTests.xctest */ = {isa = PBXFileReference; explicitFileType = wrapper.cfbundle; includeInIndex = 0; path = TACIntergrationToolTests.xctest; sourceTree = BUILT_PRODUCTS_DIR; };
		A834633A2080D506002E4A26 /* TACIntergrationToolTests.m */ = {isa = PBXFileReference; lastKnownFileType = sourcecode.c.objc; path = TACIntergrationToolTests.m; sourceTree = "<group>"; };
		A834633C2080D506002E4A26 /* Info.plist */ = {isa = PBXFileReference; lastKnownFileType = text.plist.xml; path = Info.plist; sourceTree = "<group>"; };
		A83463412080D506002E4A26 /* TACIntergrationToolUITests.xctest */ = {isa = PBXFileReference; explicitFileType = wrapper.cfbundle; includeInIndex = 0; path = TACIntergrationToolUITests.xctest; sourceTree = BUILT_PRODUCTS_DIR; };
		A83463452080D506002E4A26 /* TACIntergrationToolUITests.m */ = {isa = PBXFileReference; lastKnownFileType = sourcecode.c.objc; path = TACIntergrationToolUITests.m; sourceTree = "<group>"; };
		A83463472080D506002E4A26 /* Info.plist */ = {isa = PBXFileReference; lastKnownFileType = text.plist.xml; path = Info.plist; sourceTree = "<group>"; };
		A83463532080D9DF002E4A26 /* FileUtils.h */ = {isa = PBXFileReference; lastKnownFileType = sourcecode.c.h; path = FileUtils.h; sourceTree = "<group>"; };
		A83463542080D9DF002E4A26 /* FileUtils.m */ = {isa = PBXFileReference; lastKnownFileType = sourcecode.c.objc; path = FileUtils.m; sourceTree = "<group>"; };
		A8352E2120A0610D008EEF49 /* ECProjectFileReference.h */ = {isa = PBXFileReference; lastKnownFileType = sourcecode.c.h; path = ECProjectFileReference.h; sourceTree = "<group>"; };
		A8352E2220A0610D008EEF49 /* ECProjectFileReference.m */ = {isa = PBXFileReference; lastKnownFileType = sourcecode.c.objc; path = ECProjectFileReference.m; sourceTree = "<group>"; };
		A8425AFA20A0832800AC16E8 /* ECProjectGroup.h */ = {isa = PBXFileReference; lastKnownFileType = sourcecode.c.h; path = ECProjectGroup.h; sourceTree = "<group>"; };
		A8425AFB20A0832800AC16E8 /* ECProjectGroup.m */ = {isa = PBXFileReference; lastKnownFileType = sourcecode.c.objc; path = ECProjectGroup.m; sourceTree = "<group>"; };
		A844326B20ABDA7700719B1B /* TencentCloudConfigDownloader.h */ = {isa = PBXFileReference; lastKnownFileType = sourcecode.c.h; path = TencentCloudConfigDownloader.h; sourceTree = "<group>"; };
		A844326C20ABDA7700719B1B /* TencentCloudConfigDownloader.m */ = {isa = PBXFileReference; lastKnownFileType = sourcecode.c.objc; path = TencentCloudConfigDownloader.m; sourceTree = "<group>"; };
		A8481735208A14890039AA5B /* project.pbxproj */ = {isa = PBXFileReference; fileEncoding = 4; lastKnownFileType = text.pbxproject; path = project.pbxproj; sourceTree = "<group>"; };
		A8481738208A1E900039AA5B /* ECPbProjHelper.h */ = {isa = PBXFileReference; lastKnownFileType = sourcecode.c.h; path = ECPbProjHelper.h; sourceTree = "<group>"; };
		A8481739208A1E900039AA5B /* ECPbProjHelper.m */ = {isa = PBXFileReference; lastKnownFileType = sourcecode.c.objc; path = ECPbProjHelper.m; sourceTree = "<group>"; };
		A848173B208A1EA20039AA5B /* ECBuildPhases.h */ = {isa = PBXFileReference; lastKnownFileType = sourcecode.c.h; path = ECBuildPhases.h; sourceTree = "<group>"; };
		A848173C208A1EA20039AA5B /* ECBuildPhases.m */ = {isa = PBXFileReference; lastKnownFileType = sourcecode.c.objc; path = ECBuildPhases.m; sourceTree = "<group>"; };
		A88914DA209B39D5006A457D /* ZipArchive.framework */ = {isa = PBXFileReference; lastKnownFileType = wrapper.framework; path = ZipArchive.framework; sourceTree = "<group>"; };
		A88914DF209B3A99006A457D /* ArchiveHelper.h */ = {isa = PBXFileReference; lastKnownFileType = sourcecode.c.h; path = ArchiveHelper.h; sourceTree = "<group>"; };
		A88914E0209B3A99006A457D /* ArchiveHelper.m */ = {isa = PBXFileReference; lastKnownFileType = sourcecode.c.objc; path = ArchiveHelper.m; sourceTree = "<group>"; };
		A89FF40D208F1CB100CDF17E /* ECProjectHelperConstants.h */ = {isa = PBXFileReference; lastKnownFileType = sourcecode.c.h; path = ECProjectHelperConstants.h; sourceTree = "<group>"; };
		A89FF40E208F206200CDF17E /* YYModel.framework */ = {isa = PBXFileReference; lastKnownFileType = wrapper.framework; path = YYModel.framework; sourceTree = "<group>"; };
		A89FF411208F209200CDF17E /* ECProjectBuildConfiguration.h */ = {isa = PBXFileReference; lastKnownFileType = sourcecode.c.h; path = ECProjectBuildConfiguration.h; sourceTree = "<group>"; };
		A89FF412208F209200CDF17E /* ECProjectBuildConfiguration.m */ = {isa = PBXFileReference; lastKnownFileType = sourcecode.c.objc; path = ECProjectBuildConfiguration.m; sourceTree = "<group>"; };
		A89FF414208F5DB300CDF17E /* CocoaUtil.h */ = {isa = PBXFileReference; lastKnownFileType = sourcecode.c.h; path = CocoaUtil.h; sourceTree = "<group>"; };
		A89FF415208F5DB300CDF17E /* CocoaUtil.m */ = {isa = PBXFileReference; lastKnownFileType = sourcecode.c.objc; path = CocoaUtil.m; sourceTree = "<group>"; };
		A89FF417208F5F5400CDF17E /* NSArray+Pbxproj.h */ = {isa = PBXFileReference; lastKnownFileType = sourcecode.c.h; path = "NSArray+Pbxproj.h"; sourceTree = "<group>"; };
		A89FF418208F5F5400CDF17E /* NSArray+Pbxproj.m */ = {isa = PBXFileReference; lastKnownFileType = sourcecode.c.objc; path = "NSArray+Pbxproj.m"; sourceTree = "<group>"; };
		A8FCF6B52099B749000E6A95 /* WebViewController.h */ = {isa = PBXFileReference; lastKnownFileType = sourcecode.c.h; path = WebViewController.h; sourceTree = "<group>"; };
		A8FCF6B62099B749000E6A95 /* WebViewController.m */ = {isa = PBXFileReference; lastKnownFileType = sourcecode.c.objc; path = WebViewController.m; sourceTree = "<group>"; };
		A8FCF6B72099B749000E6A95 /* WebViewController.xib */ = {isa = PBXFileReference; lastKnownFileType = file.xib; path = WebViewController.xib; sourceTree = "<group>"; };
		A8FCF6BB209AB9F9000E6A95 /* MCGTKGenerator.cpp */ = {isa = PBXFileReference; lastKnownFileType = sourcecode.cpp.cpp; path = MCGTKGenerator.cpp; sourceTree = "<group>"; };
		A8FCF6BC209AB9F9000E6A95 /* MCGTKGenerator.hpp */ = {isa = PBXFileReference; lastKnownFileType = sourcecode.cpp.h; path = MCGTKGenerator.hpp; sourceTree = "<group>"; };
/* End PBXFileReference section */

/* Begin PBXFrameworksBuildPhase section */
		A834631D2080D506002E4A26 /* Frameworks */ = {
			isa = PBXFrameworksBuildPhase;
			buildActionMask = 2147483647;
			files = (
				A88914DC209B3A3B006A457D /* ZipArchive.framework in Frameworks */,
				A89FF40F208F206200CDF17E /* YYModel.framework in Frameworks */,
				A88914DB209B39D5006A457D /* ZipArchive.framework in Frameworks */,
			);
			runOnlyForDeploymentPostprocessing = 0;
		};
		A83463332080D506002E4A26 /* Frameworks */ = {
			isa = PBXFrameworksBuildPhase;
			buildActionMask = 2147483647;
			files = (
			);
			runOnlyForDeploymentPostprocessing = 0;
		};
		A834633E2080D506002E4A26 /* Frameworks */ = {
			isa = PBXFrameworksBuildPhase;
			buildActionMask = 2147483647;
			files = (
			);
			runOnlyForDeploymentPostprocessing = 0;
		};
/* End PBXFrameworksBuildPhase section */

/* Begin PBXGroup section */
		A83463172080D506002E4A26 = {
			isa = PBXGroup;
			children = (
				A83463222080D506002E4A26 /* TACIntergrationTool */,
				A83463392080D506002E4A26 /* TACIntergrationToolTests */,
				A83463442080D506002E4A26 /* TACIntergrationToolUITests */,
				A83463212080D506002E4A26 /* Products */,
			);
			sourceTree = "<group>";
		};
		A83463212080D506002E4A26 /* Products */ = {
			isa = PBXGroup;
			children = (
				A83463202080D506002E4A26 /* TACIntergrationTool.app */,
				A83463362080D506002E4A26 /* TACIntergrationToolTests.xctest */,
				A83463412080D506002E4A26 /* TACIntergrationToolUITests.xctest */,
			);
			name = Products;
			sourceTree = "<group>";
		};
		A83463222080D506002E4A26 /* TACIntergrationTool */ = {
			isa = PBXGroup;
			children = (
				A88914E2209B3AA1006A457D /* Tools */,
				A88914DA209B39D5006A457D /* ZipArchive.framework */,
				A8FCF6BA209AB962000E6A95 /* TencentCloudHelper */,
				A89FF40E208F206200CDF17E /* YYModel.framework */,
				A8481737208A1E690039AA5B /* ECPbxprojHelper */,
				A8481735208A14890039AA5B /* project.pbxproj */,
				A83463232080D506002E4A26 /* AppDelegate.h */,
				A83463242080D506002E4A26 /* AppDelegate.m */,
				A83463262080D506002E4A26 /* ViewController.h */,
				A83463272080D506002E4A26 /* ViewController.m */,
				A83463292080D506002E4A26 /* Assets.xcassets */,
				A834632B2080D506002E4A26 /* Main.storyboard */,
				A834632E2080D506002E4A26 /* Info.plist */,
				A834632F2080D506002E4A26 /* main.m */,
				A83463312080D506002E4A26 /* TACIntergrationTool.entitlements */,
				A83463532080D9DF002E4A26 /* FileUtils.h */,
				A83463542080D9DF002E4A26 /* FileUtils.m */,
				A8FCF6B52099B749000E6A95 /* WebViewController.h */,
				A8FCF6B62099B749000E6A95 /* WebViewController.m */,
				A8FCF6B72099B749000E6A95 /* WebViewController.xib */,
			);
			path = TACIntergrationTool;
			sourceTree = "<group>";
		};
		A83463392080D506002E4A26 /* TACIntergrationToolTests */ = {
			isa = PBXGroup;
			children = (
				A834633A2080D506002E4A26 /* TACIntergrationToolTests.m */,
				A834633C2080D506002E4A26 /* Info.plist */,
			);
			path = TACIntergrationToolTests;
			sourceTree = "<group>";
		};
		A83463442080D506002E4A26 /* TACIntergrationToolUITests */ = {
			isa = PBXGroup;
			children = (
				A83463452080D506002E4A26 /* TACIntergrationToolUITests.m */,
				A83463472080D506002E4A26 /* Info.plist */,
			);
			path = TACIntergrationToolUITests;
			sourceTree = "<group>";
		};
		A8481737208A1E690039AA5B /* ECPbxprojHelper */ = {
			isa = PBXGroup;
			children = (
				A89FF410208F207300CDF17E /* Models */,
				A8481738208A1E900039AA5B /* ECPbProjHelper.h */,
				A8481739208A1E900039AA5B /* ECPbProjHelper.m */,
				A848173B208A1EA20039AA5B /* ECBuildPhases.h */,
				A848173C208A1EA20039AA5B /* ECBuildPhases.m */,
				456B82FB208AE8FC001A3F69 /* FileUtilies.h */,
				456B82FC208AE8FC001A3F69 /* FileUtilies.m */,
				A89FF40D208F1CB100CDF17E /* ECProjectHelperConstants.h */,
				A89FF414208F5DB300CDF17E /* CocoaUtil.h */,
				A89FF415208F5DB300CDF17E /* CocoaUtil.m */,
				A89FF417208F5F5400CDF17E /* NSArray+Pbxproj.h */,
				A89FF418208F5F5400CDF17E /* NSArray+Pbxproj.m */,
			);
			path = ECPbxprojHelper;
			sourceTree = "<group>";
		};
		A88914E2209B3AA1006A457D /* Tools */ = {
			isa = PBXGroup;
			children = (
				A88914DF209B3A99006A457D /* ArchiveHelper.h */,
				A88914E0209B3A99006A457D /* ArchiveHelper.m */,
			);
			path = Tools;
			sourceTree = "<group>";
		};
		A89FF410208F207300CDF17E /* Models */ = {
			isa = PBXGroup;
			children = (
				A89FF411208F209200CDF17E /* ECProjectBuildConfiguration.h */,
				A89FF412208F209200CDF17E /* ECProjectBuildConfiguration.m */,
				A8352E2120A0610D008EEF49 /* ECProjectFileReference.h */,
				A8352E2220A0610D008EEF49 /* ECProjectFileReference.m */,
				A8425AFA20A0832800AC16E8 /* ECProjectGroup.h */,
				A8425AFB20A0832800AC16E8 /* ECProjectGroup.m */,
				A8095B3E20A1580E00BB547B /* ECProjectBuildPhases.h */,
				A8095B3F20A1580E00BB547B /* ECProjectBuildPhases.m */,
				A8095B4520A199AD00BB547B /* ECProjectTarget.h */,
				A8095B4620A199AD00BB547B /* ECProjectTarget.m */,
			);
			path = Models;
			sourceTree = "<group>";
		};
		A8FCF6BA209AB962000E6A95 /* TencentCloudHelper */ = {
			isa = PBXGroup;
			children = (
				A8FCF6BB209AB9F9000E6A95 /* MCGTKGenerator.cpp */,
				A8FCF6BC209AB9F9000E6A95 /* MCGTKGenerator.hpp */,
				A844326B20ABDA7700719B1B /* TencentCloudConfigDownloader.h */,
				A844326C20ABDA7700719B1B /* TencentCloudConfigDownloader.m */,
			);
			path = TencentCloudHelper;
			sourceTree = "<group>";
		};
/* End PBXGroup section */

/* Begin PBXNativeTarget section */
		A834631F2080D506002E4A26 /* TACIntergrationTool */ = {
			isa = PBXNativeTarget;
			buildConfigurationList = A834634A2080D506002E4A26 /* Build configuration list for PBXNativeTarget "TACIntergrationTool" */;
			buildPhases = (
				A834631C2080D506002E4A26 /* Sources */,
				A834631D2080D506002E4A26 /* Frameworks */,
				A834631E2080D506002E4A26 /* Resources */,
				A88914DE209B3A3B006A457D /* Embed Frameworks */,
			);
			buildRules = (
			);
			dependencies = (
			);
			name = TACIntergrationTool;
			productName = TACIntergrationTool;
			productReference = A83463202080D506002E4A26 /* TACIntergrationTool.app */;
			productType = "com.apple.product-type.application";
		};
		A83463352080D506002E4A26 /* TACIntergrationToolTests */ = {
			isa = PBXNativeTarget;
			buildConfigurationList = A834634D2080D506002E4A26 /* Build configuration list for PBXNativeTarget "TACIntergrationToolTests" */;
			buildPhases = (
				A83463322080D506002E4A26 /* Sources */,
				A83463332080D506002E4A26 /* Frameworks */,
				A83463342080D506002E4A26 /* Resources */,
			);
			buildRules = (
			);
			dependencies = (
				A83463382080D506002E4A26 /* PBXTargetDependency */,
			);
			name = TACIntergrationToolTests;
			productName = TACIntergrationToolTests;
			productReference = A83463362080D506002E4A26 /* TACIntergrationToolTests.xctest */;
			productType = "com.apple.product-type.bundle.unit-test";
		};
		A83463402080D506002E4A26 /* TACIntergrationToolUITests */ = {
			isa = PBXNativeTarget;
			buildConfigurationList = A83463502080D506002E4A26 /* Build configuration list for PBXNativeTarget "TACIntergrationToolUITests" */;
			buildPhases = (
				A834633D2080D506002E4A26 /* Sources */,
				A834633E2080D506002E4A26 /* Frameworks */,
				A834633F2080D506002E4A26 /* Resources */,
			);
			buildRules = (
			);
			dependencies = (
				A83463432080D506002E4A26 /* PBXTargetDependency */,
			);
			name = TACIntergrationToolUITests;
			productName = TACIntergrationToolUITests;
			productReference = A83463412080D506002E4A26 /* TACIntergrationToolUITests.xctest */;
			productType = "com.apple.product-type.bundle.ui-testing";
		};
/* End PBXNativeTarget section */

/* Begin PBXProject section */
		A83463182080D506002E4A26 /* Project object */ = {
			isa = PBXProject;
			attributes = {
				LastUpgradeCheck = 0920;
				ORGANIZATIONNAME = "erichmzhang(张恒铭)";
				TargetAttributes = {
					A834631F2080D506002E4A26 = {
						CreatedOnToolsVersion = 9.2;
						ProvisioningStyle = Automatic;
						SystemCapabilities = {
							com.apple.Sandbox = {
								enabled = 1;
							};
						};
					};
					A83463352080D506002E4A26 = {
						CreatedOnToolsVersion = 9.2;
						ProvisioningStyle = Automatic;
						TestTargetID = A834631F2080D506002E4A26;
					};
					A83463402080D506002E4A26 = {
						CreatedOnToolsVersion = 9.2;
						ProvisioningStyle = Automatic;
						TestTargetID = A834631F2080D506002E4A26;
					};
				};
			};
			buildConfigurationList = A834631B2080D506002E4A26 /* Build configuration list for PBXProject "TACIntergrationTool" */;
			compatibilityVersion = "Xcode 8.0";
			developmentRegion = en;
			hasScannedForEncodings = 0;
			knownRegions = (
				en,
				Base,
			);
			mainGroup = A83463172080D506002E4A26;
			productRefGroup = A83463212080D506002E4A26 /* Products */;
			projectDirPath = "";
			projectRoot = "";
			targets = (
				A834631F2080D506002E4A26 /* TACIntergrationTool */,
				A83463352080D506002E4A26 /* TACIntergrationToolTests */,
				A83463402080D506002E4A26 /* TACIntergrationToolUITests */,
			);
		};
/* End PBXProject section */

/* Begin PBXResourcesBuildPhase section */
		A834631E2080D506002E4A26 /* Resources */ = {
			isa = PBXResourcesBuildPhase;
			buildActionMask = 2147483647;
			files = (
				A8481736208A14890039AA5B /* project.pbxproj in Resources */,
				A834632A2080D506002E4A26 /* Assets.xcassets in Resources */,
				A834632D2080D506002E4A26 /* Main.storyboard in Resources */,
				A8FCF6B92099B749000E6A95 /* WebViewController.xib in Resources */,
			);
			runOnlyForDeploymentPostprocessing = 0;
		};
		A83463342080D506002E4A26 /* Resources */ = {
			isa = PBXResourcesBuildPhase;
			buildActionMask = 2147483647;
			files = (
			);
			runOnlyForDeploymentPostprocessing = 0;
		};
		A834633F2080D506002E4A26 /* Resources */ = {
			isa = PBXResourcesBuildPhase;
			buildActionMask = 2147483647;
			files = (
			);
			runOnlyForDeploymentPostprocessing = 0;
		};
/* End PBXResourcesBuildPhase section */

/* Begin PBXSourcesBuildPhase section */
		A834631C2080D506002E4A26 /* Sources */ = {
			isa = PBXSourcesBuildPhase;
			buildActionMask = 2147483647;
			files = (
				A8FCF6BD209AB9F9000E6A95 /* MCGTKGenerator.cpp in Sources */,
				456B82FD208AE8FC001A3F69 /* FileUtilies.m in Sources */,
				A88914E1209B3A99006A457D /* ArchiveHelper.m in Sources */,
				A848173D208A1EA20039AA5B /* ECBuildPhases.m in Sources */,
				A8095B4020A1580E00BB547B /* ECProjectBuildPhases.m in Sources */,
				A8FCF6B82099B749000E6A95 /* WebViewController.m in Sources */,
				A848173A208A1E900039AA5B /* ECPbProjHelper.m in Sources */,
				A8425AFC20A0832800AC16E8 /* ECProjectGroup.m in Sources */,
				A83463282080D506002E4A26 /* ViewController.m in Sources */,
				A83463302080D506002E4A26 /* main.m in Sources */,
				A83463252080D506002E4A26 /* AppDelegate.m in Sources */,
				A8352E2320A0610D008EEF49 /* ECProjectFileReference.m in Sources */,
				A844326D20ABDA7700719B1B /* TencentCloudConfigDownloader.m in Sources */,
				A89FF419208F5F5400CDF17E /* NSArray+Pbxproj.m in Sources */,
				A89FF416208F5DB300CDF17E /* CocoaUtil.m in Sources */,
				A83463552080D9DF002E4A26 /* FileUtils.m in Sources */,
				A8095B4720A199AD00BB547B /* ECProjectTarget.m in Sources */,
				A89FF413208F209200CDF17E /* ECProjectBuildConfiguration.m in Sources */,
			);
			runOnlyForDeploymentPostprocessing = 0;
		};
		A83463322080D506002E4A26 /* Sources */ = {
			isa = PBXSourcesBuildPhase;
			buildActionMask = 2147483647;
			files = (
				A834633B2080D506002E4A26 /* TACIntergrationToolTests.m in Sources */,
			);
			runOnlyForDeploymentPostprocessing = 0;
		};
		A834633D2080D506002E4A26 /* Sources */ = {
			isa = PBXSourcesBuildPhase;
			buildActionMask = 2147483647;
			files = (
				A83463462080D506002E4A26 /* TACIntergrationToolUITests.m in Sources */,
			);
			runOnlyForDeploymentPostprocessing = 0;
		};
/* End PBXSourcesBuildPhase section */

/* Begin PBXTargetDependency section */
		A83463382080D506002E4A26 /* PBXTargetDependency */ = {
			isa = PBXTargetDependency;
			target = A834631F2080D506002E4A26 /* TACIntergrationTool */;
			targetProxy = A83463372080D506002E4A26 /* PBXContainerItemProxy */;
		};
		A83463432080D506002E4A26 /* PBXTargetDependency */ = {
			isa = PBXTargetDependency;
			target = A834631F2080D506002E4A26 /* TACIntergrationTool */;
			targetProxy = A83463422080D506002E4A26 /* PBXContainerItemProxy */;
		};
/* End PBXTargetDependency section */

/* Begin PBXVariantGroup section */
		A834632B2080D506002E4A26 /* Main.storyboard */ = {
			isa = PBXVariantGroup;
			children = (
				A834632C2080D506002E4A26 /* Base */,
			);
			name = Main.storyboard;
			sourceTree = "<group>";
		};
/* End PBXVariantGroup section */

/* Begin XCBuildConfiguration section */
		A83463482080D506002E4A26 /* Debug */ = {
			isa = XCBuildConfiguration;
			buildSettings = {
				ALWAYS_SEARCH_USER_PATHS = NO;
				CLANG_ANALYZER_NONNULL = YES;
				CLANG_ANALYZER_NUMBER_OBJECT_CONVERSION = YES_AGGRESSIVE;
				CLANG_CXX_LANGUAGE_STANDARD = "gnu++14";
				CLANG_CXX_LIBRARY = "libc++";
				CLANG_ENABLE_MODULES = YES;
				CLANG_ENABLE_OBJC_ARC = YES;
				CLANG_WARN_BLOCK_CAPTURE_AUTORELEASING = YES;
				CLANG_WARN_BOOL_CONVERSION = YES;
				CLANG_WARN_COMMA = YES;
				CLANG_WARN_CONSTANT_CONVERSION = YES;
				CLANG_WARN_DIRECT_OBJC_ISA_USAGE = YES_ERROR;
				CLANG_WARN_DOCUMENTATION_COMMENTS = YES;
				CLANG_WARN_EMPTY_BODY = YES;
				CLANG_WARN_ENUM_CONVERSION = YES;
				CLANG_WARN_INFINITE_RECURSION = YES;
				CLANG_WARN_INT_CONVERSION = YES;
				CLANG_WARN_NON_LITERAL_NULL_CONVERSION = YES;
				CLANG_WARN_OBJC_LITERAL_CONVERSION = YES;
				CLANG_WARN_OBJC_ROOT_CLASS = YES_ERROR;
				CLANG_WARN_RANGE_LOOP_ANALYSIS = YES;
				CLANG_WARN_STRICT_PROTOTYPES = YES;
				CLANG_WARN_SUSPICIOUS_MOVE = YES;
				CLANG_WARN_UNGUARDED_AVAILABILITY = YES_AGGRESSIVE;
				CLANG_WARN_UNREACHABLE_CODE = YES;
				CLANG_WARN__DUPLICATE_METHOD_MATCH = YES;
				CODE_SIGN_IDENTITY = "-";
				COPY_PHASE_STRIP = NO;
				DEBUG_INFORMATION_FORMAT = dwarf;
				ENABLE_STRICT_OBJC_MSGSEND = YES;
				ENABLE_TESTABILITY = YES;
				GCC_C_LANGUAGE_STANDARD = gnu11;
				GCC_DYNAMIC_NO_PIC = NO;
				GCC_NO_COMMON_BLOCKS = YES;
				GCC_OPTIMIZATION_LEVEL = 0;
				GCC_PREPROCESSOR_DEFINITIONS = (
					"DEBUG=1",
					"$(inherited)",
				);
				GCC_WARN_64_TO_32_BIT_CONVERSION = YES;
				GCC_WARN_ABOUT_RETURN_TYPE = YES_ERROR;
				GCC_WARN_UNDECLARED_SELECTOR = YES;
				GCC_WARN_UNINITIALIZED_AUTOS = YES_AGGRESSIVE;
				GCC_WARN_UNUSED_FUNCTION = YES;
				GCC_WARN_UNUSED_VARIABLE = YES;
				MACOSX_DEPLOYMENT_TARGET = 10.13;
				MTL_ENABLE_DEBUG_INFO = YES;
				ONLY_ACTIVE_ARCH = YES;
				SDKROOT = macosx;
			};
			name = Debug;
		};
		A83463492080D506002E4A26 /* Release */ = {
			isa = XCBuildConfiguration;
			buildSettings = {
				ALWAYS_SEARCH_USER_PATHS = NO;
				CLANG_ANALYZER_NONNULL = YES;
				CLANG_ANALYZER_NUMBER_OBJECT_CONVERSION = YES_AGGRESSIVE;
				CLANG_CXX_LANGUAGE_STANDARD = "gnu++14";
				CLANG_CXX_LIBRARY = "libc++";
				CLANG_ENABLE_MODULES = YES;
				CLANG_ENABLE_OBJC_ARC = YES;
				CLANG_WARN_BLOCK_CAPTURE_AUTORELEASING = YES;
				CLANG_WARN_BOOL_CONVERSION = YES;
				CLANG_WARN_COMMA = YES;
				CLANG_WARN_CONSTANT_CONVERSION = YES;
				CLANG_WARN_DIRECT_OBJC_ISA_USAGE = YES_ERROR;
				CLANG_WARN_DOCUMENTATION_COMMENTS = YES;
				CLANG_WARN_EMPTY_BODY = YES;
				CLANG_WARN_ENUM_CONVERSION = YES;
				CLANG_WARN_INFINITE_RECURSION = YES;
				CLANG_WARN_INT_CONVERSION = YES;
				CLANG_WARN_NON_LITERAL_NULL_CONVERSION = YES;
				CLANG_WARN_OBJC_LITERAL_CONVERSION = YES;
				CLANG_WARN_OBJC_ROOT_CLASS = YES_ERROR;
				CLANG_WARN_RANGE_LOOP_ANALYSIS = YES;
				CLANG_WARN_STRICT_PROTOTYPES = YES;
				CLANG_WARN_SUSPICIOUS_MOVE = YES;
				CLANG_WARN_UNGUARDED_AVAILABILITY = YES_AGGRESSIVE;
				CLANG_WARN_UNREACHABLE_CODE = YES;
				CLANG_WARN__DUPLICATE_METHOD_MATCH = YES;
				CODE_SIGN_IDENTITY = "-";
				COPY_PHASE_STRIP = NO;
				DEBUG_INFORMATION_FORMAT = "dwarf-with-dsym";
				ENABLE_NS_ASSERTIONS = NO;
				ENABLE_STRICT_OBJC_MSGSEND = YES;
				GCC_C_LANGUAGE_STANDARD = gnu11;
				GCC_NO_COMMON_BLOCKS = YES;
				GCC_WARN_64_TO_32_BIT_CONVERSION = YES;
				GCC_WARN_ABOUT_RETURN_TYPE = YES_ERROR;
				GCC_WARN_UNDECLARED_SELECTOR = YES;
				GCC_WARN_UNINITIALIZED_AUTOS = YES_AGGRESSIVE;
				GCC_WARN_UNUSED_FUNCTION = YES;
				GCC_WARN_UNUSED_VARIABLE = YES;
				MACOSX_DEPLOYMENT_TARGET = 10.13;
				MTL_ENABLE_DEBUG_INFO = NO;
				SDKROOT = macosx;
			};
			name = Release;
		};
		A834634B2080D506002E4A26 /* Debug */ = {
			isa = XCBuildConfiguration;
			buildSettings = {
				ASSETCATALOG_COMPILER_APPICON_NAME = AppIcon;
				CODE_SIGN_ENTITLEMENTS = TACIntergrationTool/TACIntergrationTool.entitlements;
				CODE_SIGN_STYLE = Automatic;
				COMBINE_HIDPI_IMAGES = YES;
				FRAMEWORK_SEARCH_PATHS = (
					"$(inherited)",
					"$(PROJECT_DIR)/TACIntergrationTool",
				);
				INFOPLIST_FILE = TACIntergrationTool/Info.plist;
				LD_RUNPATH_SEARCH_PATHS = "$(inherited) @executable_path/../Frameworks";
				MACOSX_DEPLOYMENT_TARGET = 10.11;
				OTHER_LDFLAGS = (
					"-all_load",
					"-ObjC",
				);
				PRODUCT_BUNDLE_IDENTIFIER = ericcheung.TACIntergrationTool;
				PRODUCT_NAME = "$(TARGET_NAME)";
			};
			name = Debug;
		};
		A834634C2080D506002E4A26 /* Release */ = {
			isa = XCBuildConfiguration;
			buildSettings = {
				ASSETCATALOG_COMPILER_APPICON_NAME = AppIcon;
				CODE_SIGN_ENTITLEMENTS = TACIntergrationTool/TACIntergrationTool.entitlements;
				CODE_SIGN_STYLE = Automatic;
				COMBINE_HIDPI_IMAGES = YES;
				FRAMEWORK_SEARCH_PATHS = (
					"$(inherited)",
					"$(PROJECT_DIR)/TACIntergrationTool",
				);
				INFOPLIST_FILE = TACIntergrationTool/Info.plist;
				LD_RUNPATH_SEARCH_PATHS = "$(inherited) @executable_path/../Frameworks";
				MACOSX_DEPLOYMENT_TARGET = 10.11;
				OTHER_LDFLAGS = (
					"-all_load",
					"-ObjC",
				);
				PRODUCT_BUNDLE_IDENTIFIER = ericcheung.TACIntergrationTool;
				PRODUCT_NAME = "$(TARGET_NAME)";
			};
			name = Release;
		};
		A834634E2080D506002E4A26 /* Debug */ = {
			isa = XCBuildConfiguration;
			buildSettings = {
				BUNDLE_LOADER = "$(TEST_HOST)";
				CODE_SIGN_STYLE = Automatic;
				COMBINE_HIDPI_IMAGES = YES;
				INFOPLIST_FILE = TACIntergrationToolTests/Info.plist;
				LD_RUNPATH_SEARCH_PATHS = "$(inherited) @executable_path/../Frameworks @loader_path/../Frameworks";
				PRODUCT_BUNDLE_IDENTIFIER = ericcheung.TACIntergrationToolTests;
				PRODUCT_NAME = "$(TARGET_NAME)";
				TEST_HOST = "$(BUILT_PRODUCTS_DIR)/TACIntergrationTool.app/Contents/MacOS/TACIntergrationTool";
			};
			name = Debug;
		};
		A834634F2080D506002E4A26 /* Release */ = {
			isa = XCBuildConfiguration;
			buildSettings = {
				BUNDLE_LOADER = "$(TEST_HOST)";
				CODE_SIGN_STYLE = Automatic;
				COMBINE_HIDPI_IMAGES = YES;
				INFOPLIST_FILE = TACIntergrationToolTests/Info.plist;
				LD_RUNPATH_SEARCH_PATHS = "$(inherited) @executable_path/../Frameworks @loader_path/../Frameworks";
				PRODUCT_BUNDLE_IDENTIFIER = ericcheung.TACIntergrationToolTests;
				PRODUCT_NAME = "$(TARGET_NAME)";
				TEST_HOST = "$(BUILT_PRODUCTS_DIR)/TACIntergrationTool.app/Contents/MacOS/TACIntergrationTool";
			};
			name = Release;
		};
		A83463512080D506002E4A26 /* Debug */ = {
			isa = XCBuildConfiguration;
			buildSettings = {
				CODE_SIGN_STYLE = Automatic;
				COMBINE_HIDPI_IMAGES = YES;
				INFOPLIST_FILE = TACIntergrationToolUITests/Info.plist;
				LD_RUNPATH_SEARCH_PATHS = "$(inherited) @executable_path/../Frameworks @loader_path/../Frameworks";
				PRODUCT_BUNDLE_IDENTIFIER = ericcheung.TACIntergrationToolUITests;
				PRODUCT_NAME = "$(TARGET_NAME)";
				TEST_TARGET_NAME = TACIntergrationTool;
			};
			name = Debug;
		};
		A83463522080D506002E4A26 /* Release */ = {
			isa = XCBuildConfiguration;
			buildSettings = {
				CODE_SIGN_STYLE = Automatic;
				COMBINE_HIDPI_IMAGES = YES;
				INFOPLIST_FILE = TACIntergrationToolUITests/Info.plist;
				LD_RUNPATH_SEARCH_PATHS = "$(inherited) @executable_path/../Frameworks @loader_path/../Frameworks";
				PRODUCT_BUNDLE_IDENTIFIER = ericcheung.TACIntergrationToolUITests;
				PRODUCT_NAME = "$(TARGET_NAME)";
				TEST_TARGET_NAME = TACIntergrationTool;
			};
			name = Release;
		};
/* End XCBuildConfiguration section */

/* Begin XCConfigurationList section */
		A834631B2080D506002E4A26 /* Build configuration list for PBXProject "TACIntergrationTool" */ = {
			isa = XCConfigurationList;
			buildConfigurations = (
				A83463482080D506002E4A26 /* Debug */,
				A83463492080D506002E4A26 /* Release */,
			);
			defaultConfigurationIsVisible = 0;
			defaultConfigurationName = Release;
		};
		A834634A2080D506002E4A26 /* Build configuration list for PBXNativeTarget "TACIntergrationTool" */ = {
			isa = XCConfigurationList;
			buildConfigurations = (
				A834634B2080D506002E4A26 /* Debug */,
				A834634C2080D506002E4A26 /* Release */,
			);
			defaultConfigurationIsVisible = 0;
			defaultConfigurationName = Release;
		};
		A834634D2080D506002E4A26 /* Build configuration list for PBXNativeTarget "TACIntergrationToolTests" */ = {
			isa = XCConfigurationList;
			buildConfigurations = (
				A834634E2080D506002E4A26 /* Debug */,
				A834634F2080D506002E4A26 /* Release */,
			);
			defaultConfigurationIsVisible = 0;
			defaultConfigurationName = Release;
		};
		A83463502080D506002E4A26 /* Build configuration list for PBXNativeTarget "TACIntergrationToolUITests" */ = {
			isa = XCConfigurationList;
			buildConfigurations = (
				A83463512080D506002E4A26 /* Debug */,
				A83463522080D506002E4A26 /* Release */,
			);
			defaultConfigurationIsVisible = 0;
			defaultConfigurationName = Release;
		};
/* End XCConfigurationList section */
	};
	rootObject = A83463182080D506002E4A26 /* Project object */;
}
